
Microsoft Visual Studio Solution File, Format Version 12.00
# Visual Studio Version 17
VisualStudioVersion = 17.9.34728.123
MinimumVisualStudioVersion = 10.0.40219.1
Project("{2150E333-8FDC-42A3-9474-1A3956D46DE8}") = "src", "src", "{C4D8D46B-D152-4A04-A518-E18AB55670B8}"
EndProject
Project("{2150E333-8FDC-42A3-9474-1A3956D46DE8}") = "core", "core", "{E1D5EB6D-C952-4596-A78C-55BFE5E4C460}"
EndProject
Project("{9A19103F-16F7-4668-BE54-9A1E7A4F7556}") = "Domain", "src\core\Domain\Domain.csproj", "{A0A1D273-7B3C-4F40-96AD-B40253CE71A5}"
EndProject
Project("{9A19103F-16F7-4668-BE54-9A1E7A4F7556}") = "Application", "src\core\Application\Application.csproj", "{AF4FDE08-3DAB-4F2D-9D8D-ABA13A2A3F94}"
EndProject
Project("{2150E333-8FDC-42A3-9474-1A3956D46DE8}") = "external", "external", "{4A7F8D70-EC2E-4CB3-B60F-C2E7EE930EF0}"
EndProject
Project("{9A19103F-16F7-4668-BE54-9A1E7A4F7556}") = "Infrastructure", "src\external\Infrastructure\Infrastructure.csproj", "{7F4FECF3-2E2D-4D2C-8FAE-E83EDB1FC0E0}"
EndProject
Project("{FAE04EC0-301F-11D3-BF4B-00C04F79EFBC}") = "Presentation", "src\external\Presentation\Presentation.csproj", "{47907B60-A72C-4B74-972E-A358CC6662C1}"
EndProject
Project("{2150E333-8FDC-42A3-9474-1A3956D46DE8}") = "Solution Items", "Solution Items", "{4A4E6315-248C-4059-9547-7E534C95B690}"
EndProject
Project("{2150E333-8FDC-42A3-9474-1A3956D46DE8}") = "Test", "Test", "{01D0FD7B-EA1C-4F0A-A8E6-F5433DC62AE2}"
EndProject
Project("{2150E333-8FDC-42A3-9474-1A3956D46DE8}") = "NitroBase", "NitroBase", "{BC59DDAF-79F8-41A1-AF2E-42F3A53CB98C}"
EndProject
Project("{9A19103F-16F7-4668-BE54-9A1E7A4F7556}") = "Core", "NitroBase\Core\Core.csproj", "{5A234A93-8799-42D9-B84F-60CA438B62E9}"
EndProject
Project("{9A19103F-16F7-4668-BE54-9A1E7A4F7556}") = "WebCore", "NitroBase\WebCore\WebCore.csproj", "{03A3847B-15AA-4986-B980-A29E113A1401}"
EndProject
Global
	GlobalSection(SolutionConfigurationPlatforms) = preSolution
		Debug|Any CPU = Debug|Any CPU
		Release|Any CPU = Release|Any CPU
	EndGlobalSection
	GlobalSection(ProjectConfigurationPlatforms) = postSolution
		{A0A1D273-7B3C-4F40-96AD-B40253CE71A5}.Debug|Any CPU.ActiveCfg = Debug|Any CPU
		{A0A1D273-7B3C-4F40-96AD-B40253CE71A5}.Debug|Any CPU.Build.0 = Debug|Any CPU
		{A0A1D273-7B3C-4F40-96AD-B40253CE71A5}.Release|Any CPU.ActiveCfg = Release|Any CPU
		{A0A1D273-7B3C-4F40-96AD-B40253CE71A5}.Release|Any CPU.Build.0 = Release|Any CPU
		{AF4FDE08-3DAB-4F2D-9D8D-ABA13A2A3F94}.Debug|Any CPU.ActiveCfg = Debug|Any CPU
		{AF4FDE08-3DAB-4F2D-9D8D-ABA13A2A3F94}.Debug|Any CPU.Build.0 = Debug|Any CPU
		{AF4FDE08-3DAB-4F2D-9D8D-ABA13A2A3F94}.Release|Any CPU.ActiveCfg = Release|Any CPU
		{AF4FDE08-3DAB-4F2D-9D8D-ABA13A2A3F94}.Release|Any CPU.Build.0 = Release|Any CPU
		{7F4FECF3-2E2D-4D2C-8FAE-E83EDB1FC0E0}.Debug|Any CPU.ActiveCfg = Debug|Any CPU
		{7F4FECF3-2E2D-4D2C-8FAE-E83EDB1FC0E0}.Debug|Any CPU.Build.0 = Debug|Any CPU
		{7F4FECF3-2E2D-4D2C-8FAE-E83EDB1FC0E0}.Release|Any CPU.ActiveCfg = Release|Any CPU
		{7F4FECF3-2E2D-4D2C-8FAE-E83EDB1FC0E0}.Release|Any CPU.Build.0 = Release|Any CPU
		{47907B60-A72C-4B74-972E-A358CC6662C1}.Debug|Any CPU.ActiveCfg = Debug|Any CPU
		{47907B60-A72C-4B74-972E-A358CC6662C1}.Debug|Any CPU.Build.0 = Debug|Any CPU
		{47907B60-A72C-4B74-972E-A358CC6662C1}.Release|Any CPU.ActiveCfg = Release|Any CPU
		{47907B60-A72C-4B74-972E-A358CC6662C1}.Release|Any CPU.Build.0 = Release|Any CPU
		{5A234A93-8799-42D9-B84F-60CA438B62E9}.Debug|Any CPU.ActiveCfg = Debug|Any CPU
		{5A234A93-8799-42D9-B84F-60CA438B62E9}.Debug|Any CPU.Build.0 = Debug|Any CPU
		{5A234A93-8799-42D9-B84F-60CA438B62E9}.Release|Any CPU.ActiveCfg = Release|Any CPU
		{5A234A93-8799-42D9-B84F-60CA438B62E9}.Release|Any CPU.Build.0 = Release|Any CPU
		{03A3847B-15AA-4986-B980-A29E113A1401}.Debug|Any CPU.ActiveCfg = Debug|Any CPU
		{03A3847B-15AA-4986-B980-A29E113A1401}.Debug|Any CPU.Build.0 = Debug|Any CPU
		{03A3847B-15AA-4986-B980-A29E113A1401}.Release|Any CPU.ActiveCfg = Release|Any CPU
		{03A3847B-15AA-4986-B980-A29E113A1401}.Release|Any CPU.Build.0 = Release|Any CPU
	EndGlobalSection
	GlobalSection(SolutionProperties) = preSolution
		HideSolutionNode = FALSE
	EndGlobalSection
	GlobalSection(NestedProjects) = preSolution
		{E1D5EB6D-C952-4596-A78C-55BFE5E4C460} = {C4D8D46B-D152-4A04-A518-E18AB55670B8}
		{A0A1D273-7B3C-4F40-96AD-B40253CE71A5} = {E1D5EB6D-C952-4596-A78C-55BFE5E4C460}
		{AF4FDE08-3DAB-4F2D-9D8D-ABA13A2A3F94} = {E1D5EB6D-C952-4596-A78C-55BFE5E4C460}
		{4A7F8D70-EC2E-4CB3-B60F-C2E7EE930EF0} = {C4D8D46B-D152-4A04-A518-E18AB55670B8}
		{7F4FECF3-2E2D-4D2C-8FAE-E83EDB1FC0E0} = {4A7F8D70-EC2E-4CB3-B60F-C2E7EE930EF0}
		{47907B60-A72C-4B74-972E-A358CC6662C1} = {4A7F8D70-EC2E-4CB3-B60F-C2E7EE930EF0}
		{5A234A93-8799-42D9-B84F-60CA438B62E9} = {BC59DDAF-79F8-41A1-AF2E-42F3A53CB98C}
		{03A3847B-15AA-4986-B980-A29E113A1401} = {BC59DDAF-79F8-41A1-AF2E-42F3A53CB98C}
	EndGlobalSection
	GlobalSection(ExtensibilityGlobals) = postSolution
		SolutionGuid = {3DA69F87-5F49-4AD0-981D-5641CA9A7E1A}
	EndGlobalSection
EndGlobal
